
Microsoft Visual Studio Solution File, Format Version 12.00
# Visual Studio 14
VisualStudioVersion = 14.0.25420.1
MinimumVisualStudioVersion = 10.0.40219.1
Project("{FAE04EC0-301F-11D3-BF4B-00C04F79EFBC}") = "Server", "Server\Server.csproj", "{DD4D0F2F-CD34-49F0-9842-122E89CAE685}"
EndProject
Project("{FAE04EC0-301F-11D3-BF4B-00C04F79EFBC}") = "Client", "Client\Client.csproj", "{C96268D2-38BF-4928-9F25-FB4D6BBAC868}"
EndProject
Project("{FAE04EC0-301F-11D3-BF4B-00C04F79EFBC}") = "CertificationAuthorities", "CertificationAuthorities\CertificationAuthorities.csproj", "{D7126B24-5666-4C98-9EF7-8EEAC7C5A809}"
EndProject
Global
	GlobalSection(SolutionConfigurationPlatforms) = preSolution
		Debug|Any CPU = Debug|Any CPU
		Release|Any CPU = Release|Any CPU
	EndGlobalSection
	GlobalSection(ProjectConfigurationPlatforms) = postSolution
		{DD4D0F2F-CD34-49F0-9842-122E89CAE685}.Debug|Any CPU.ActiveCfg = Debug|Any CPU
		{DD4D0F2F-CD34-49F0-9842-122E89CAE685}.Debug|Any CPU.Build.0 = Debug|Any CPU
		{DD4D0F2F-CD34-49F0-9842-122E89CAE685}.Release|Any CPU.ActiveCfg = Release|Any CPU
		{DD4D0F2F-CD34-49F0-9842-122E89CAE685}.Release|Any CPU.Build.0 = Release|Any CPU
		{C96268D2-38BF-4928-9F25-FB4D6BBAC868}.Debug|Any CPU.ActiveCfg = Debug|Any CPU
		{C96268D2-38BF-4928-9F25-FB4D6BBAC868}.Debug|Any CPU.Build.0 = Debug|Any CPU
		{C96268D2-38BF-4928-9F25-FB4D6BBAC868}.Release|Any CPU.ActiveCfg = Release|Any CPU
		{C96268D2-38BF-4928-9F25-FB4D6BBAC868}.Release|Any CPU.Build.0 = Release|Any CPU
		{D7126B24-5666-4C98-9EF7-8EEAC7C5A809}.Debug|Any CPU.ActiveCfg = Debug|Any CPU
		{D7126B24-5666-4C98-9EF7-8EEAC7C5A809}.Debug|Any CPU.Build.0 = Debug|Any CPU
		{D7126B24-5666-4C98-9EF7-8EEAC7C5A809}.Release|Any CPU.ActiveCfg = Release|Any CPU
		{D7126B24-5666-4C98-9EF7-8EEAC7C5A809}.Release|Any CPU.Build.0 = Release|Any CPU
	EndGlobalSection
	GlobalSection(SolutionProperties) = preSolution
		HideSolutionNode = FALSE
	EndGlobalSection
EndGlobal
